{
  "name": "validity",
  "version": "1.0.0",
  "lockfileVersion": 1,
  "requires": true,
  "dependencies": {
    "geojson-validation": {
      "version": "0.2.1",
      "resolved": "https://registry.npmjs.org/geojson-validation/-/geojson-validation-0.2.1.tgz",
      "integrity": "sha512-vcWNJ0HKF4XN5GjyCnDImeuVFwI20iBrbMYaTeS7KJqjN+UjULpi8wbRBp+8UCiy9ofetKhxKC9rH/9RdFiaJQ=="
    }
  }
}
